// !$*UTF8*$!
{
	archiveVersion = 1;
	classes = {
	};
	objectVersion = 55;
	objects = {

/* Begin PBXBuildFile section */
		A4FCE56C036F06BFCA97F6EA /* Pods_SimpleUnsplashProject.framework in Frameworks */ = {isa = PBXBuildFile; fileRef = FDC99035E92AB741CC0C7B8B /* Pods_SimpleUnsplashProject.framework */; };
		B137002328EECAC3007F4C5C /* AppDelegate.swift in Sources */ = {isa = PBXBuildFile; fileRef = B137002228EECAC3007F4C5C /* AppDelegate.swift */; };
		B137002528EECAC3007F4C5C /* SceneDelegate.swift in Sources */ = {isa = PBXBuildFile; fileRef = B137002428EECAC3007F4C5C /* SceneDelegate.swift */; };
		B137002C28EECAC4007F4C5C /* Assets.xcassets in Resources */ = {isa = PBXBuildFile; fileRef = B137002B28EECAC4007F4C5C /* Assets.xcassets */; };
		B137002F28EECAC4007F4C5C /* LaunchScreen.storyboard in Resources */ = {isa = PBXBuildFile; fileRef = B137002D28EECAC4007F4C5C /* LaunchScreen.storyboard */; };
		B137003F28EED9AC007F4C5C /* FavouritePicturesViewController.swift in Sources */ = {isa = PBXBuildFile; fileRef = B137003E28EED9AC007F4C5C /* FavouritePicturesViewController.swift */; };
		B137004128EED9F5007F4C5C /* DetailsViewController.swift in Sources */ = {isa = PBXBuildFile; fileRef = B137004028EED9F5007F4C5C /* DetailsViewController.swift */; };
		B137004328EEDCF1007F4C5C /* SearchViewController.swift in Sources */ = {isa = PBXBuildFile; fileRef = B137004228EEDCF1007F4C5C /* SearchViewController.swift */; };
		B143C61C28EEEB3E00DAADE9 /* SearchCollectionViewCell.swift in Sources */ = {isa = PBXBuildFile; fileRef = B143C61B28EEEB3D00DAADE9 /* SearchCollectionViewCell.swift */; };
		B143C61F28EEF18B00DAADE9 /* ReusableViewProtocol.swift in Sources */ = {isa = PBXBuildFile; fileRef = B143C61E28EEF18B00DAADE9 /* ReusableViewProtocol.swift */; };
		B143C62128EF20F100DAADE9 /* SearchView.swift in Sources */ = {isa = PBXBuildFile; fileRef = B143C62028EF20F100DAADE9 /* SearchView.swift */; };
		B143C62828EF353E00DAADE9 /* PhotoModel.swift in Sources */ = {isa = PBXBuildFile; fileRef = B143C62728EF353E00DAADE9 /* PhotoModel.swift */; };
		B143C62B28EF4AE000DAADE9 /* NetworkRequest.swift in Sources */ = {isa = PBXBuildFile; fileRef = B143C62A28EF4AE000DAADE9 /* NetworkRequest.swift */; };
		B143C62D28EF4B2300DAADE9 /* NetworkDataFetch.swift in Sources */ = {isa = PBXBuildFile; fileRef = B143C62C28EF4B2300DAADE9 /* NetworkDataFetch.swift */; };
		B143C62F28EF4D2B00DAADE9 /* Secrets.swift in Sources */ = {isa = PBXBuildFile; fileRef = B143C62E28EF4D2B00DAADE9 /* Secrets.swift */; };
		B143C63128EF4D8A00DAADE9 /* API.swift in Sources */ = {isa = PBXBuildFile; fileRef = B143C63028EF4D8A00DAADE9 /* API.swift */; };
		B143C63328EF508700DAADE9 /* APIError.swift in Sources */ = {isa = PBXBuildFile; fileRef = B143C63228EF508700DAADE9 /* APIError.swift */; };
		B189777228F1CA76003AF484 /* Constants.swift in Sources */ = {isa = PBXBuildFile; fileRef = B189777128F1CA76003AF484 /* Constants.swift */; };
		B1B30D6028F21E6A00461304 /* UILabel+.swift in Sources */ = {isa = PBXBuildFile; fileRef = B1B30D5F28F21E6A00461304 /* UILabel+.swift */; };
		B1C55ACE28F033F400DB9F5A /* SearchViewProtocol.swift in Sources */ = {isa = PBXBuildFile; fileRef = B1C55ACD28F033F400DB9F5A /* SearchViewProtocol.swift */; };
		B1C55AD128F0356800DB9F5A /* AlertBuilder.swift in Sources */ = {isa = PBXBuildFile; fileRef = B1C55AD028F0356800DB9F5A /* AlertBuilder.swift */; };
		B1C55AD328F036E300DB9F5A /* SearchPresenter.swift in Sources */ = {isa = PBXBuildFile; fileRef = B1C55AD228F036E300DB9F5A /* SearchPresenter.swift */; };
		B1C55AD528F0388000DB9F5A /* Router.swift in Sources */ = {isa = PBXBuildFile; fileRef = B1C55AD428F0388000DB9F5A /* Router.swift */; };
		B1C55AD728F038E600DB9F5A /* Builder.swift in Sources */ = {isa = PBXBuildFile; fileRef = B1C55AD628F038E600DB9F5A /* Builder.swift */; };
		B1C55ADA28F03A1500DB9F5A /* SimpleUnsplashDB.xcdatamodeld in Sources */ = {isa = PBXBuildFile; fileRef = B1C55AD828F03A1500DB9F5A /* SimpleUnsplashDB.xcdatamodeld */; };
		B1C55ADD28F03A8500DB9F5A /* DataStorageManager.swift in Sources */ = {isa = PBXBuildFile; fileRef = B1C55ADC28F03A8500DB9F5A /* DataStorageManager.swift */; };
		B1DCDAE328F042A3003D02F2 /* Formatter+.swift in Sources */ = {isa = PBXBuildFile; fileRef = B1DCDAE228F042A3003D02F2 /* Formatter+.swift */; };
		B1DCDAE628F04BAC003D02F2 /* FavouritePhoto+CoreDataClass.swift in Sources */ = {isa = PBXBuildFile; fileRef = B1DCDAE428F04BAC003D02F2 /* FavouritePhoto+CoreDataClass.swift */; };
		B1DCDAE728F04BAC003D02F2 /* FavouritePhoto+CoreDataProperties.swift in Sources */ = {isa = PBXBuildFile; fileRef = B1DCDAE528F04BAC003D02F2 /* FavouritePhoto+CoreDataProperties.swift */; };
/* End PBXBuildFile section */

/* Begin PBXFileReference section */
		6C86AD137B1C13189203E243 /* Pods-SimpleUnsplashProject.release.xcconfig */ = {isa = PBXFileReference; includeInIndex = 1; lastKnownFileType = text.xcconfig; name = "Pods-SimpleUnsplashProject.release.xcconfig"; path = "Target Support Files/Pods-SimpleUnsplashProject/Pods-SimpleUnsplashProject.release.xcconfig"; sourceTree = "<group>"; };
		B137001F28EECAC3007F4C5C /* SimpleUnsplashProject.app */ = {isa = PBXFileReference; explicitFileType = wrapper.application; includeInIndex = 0; path = SimpleUnsplashProject.app; sourceTree = BUILT_PRODUCTS_DIR; };
		B137002228EECAC3007F4C5C /* AppDelegate.swift */ = {isa = PBXFileReference; lastKnownFileType = sourcecode.swift; path = AppDelegate.swift; sourceTree = "<group>"; };
		B137002428EECAC3007F4C5C /* SceneDelegate.swift */ = {isa = PBXFileReference; lastKnownFileType = sourcecode.swift; path = SceneDelegate.swift; sourceTree = "<group>"; };
		B137002B28EECAC4007F4C5C /* Assets.xcassets */ = {isa = PBXFileReference; lastKnownFileType = folder.assetcatalog; path = Assets.xcassets; sourceTree = "<group>"; };
		B137002E28EECAC4007F4C5C /* Base */ = {isa = PBXFileReference; lastKnownFileType = file.storyboard; name = Base; path = Base.lproj/LaunchScreen.storyboard; sourceTree = "<group>"; };
		B137003028EECAC4007F4C5C /* Info.plist */ = {isa = PBXFileReference; lastKnownFileType = text.plist.xml; path = Info.plist; sourceTree = "<group>"; };
		B137003E28EED9AC007F4C5C /* FavouritePicturesViewController.swift */ = {isa = PBXFileReference; lastKnownFileType = sourcecode.swift; path = FavouritePicturesViewController.swift; sourceTree = "<group>"; };
		B137004028EED9F5007F4C5C /* DetailsViewController.swift */ = {isa = PBXFileReference; lastKnownFileType = sourcecode.swift; path = DetailsViewController.swift; sourceTree = "<group>"; };
		B137004228EEDCF1007F4C5C /* SearchViewController.swift */ = {isa = PBXFileReference; lastKnownFileType = sourcecode.swift; path = SearchViewController.swift; sourceTree = "<group>"; };
		B143C61B28EEEB3D00DAADE9 /* SearchCollectionViewCell.swift */ = {isa = PBXFileReference; lastKnownFileType = sourcecode.swift; path = SearchCollectionViewCell.swift; sourceTree = "<group>"; };
		B143C61E28EEF18B00DAADE9 /* ReusableViewProtocol.swift */ = {isa = PBXFileReference; lastKnownFileType = sourcecode.swift; path = ReusableViewProtocol.swift; sourceTree = "<group>"; };
		B143C62028EF20F100DAADE9 /* SearchView.swift */ = {isa = PBXFileReference; lastKnownFileType = sourcecode.swift; path = SearchView.swift; sourceTree = "<group>"; };
		B143C62728EF353E00DAADE9 /* PhotoModel.swift */ = {isa = PBXFileReference; lastKnownFileType = sourcecode.swift; path = PhotoModel.swift; sourceTree = "<group>"; };
		B143C62A28EF4AE000DAADE9 /* NetworkRequest.swift */ = {isa = PBXFileReference; lastKnownFileType = sourcecode.swift; path = NetworkRequest.swift; sourceTree = "<group>"; };
		B143C62C28EF4B2300DAADE9 /* NetworkDataFetch.swift */ = {isa = PBXFileReference; lastKnownFileType = sourcecode.swift; path = NetworkDataFetch.swift; sourceTree = "<group>"; };
		B143C62E28EF4D2B00DAADE9 /* Secrets.swift */ = {isa = PBXFileReference; lastKnownFileType = sourcecode.swift; path = Secrets.swift; sourceTree = "<group>"; };
		B143C63028EF4D8A00DAADE9 /* API.swift */ = {isa = PBXFileReference; lastKnownFileType = sourcecode.swift; path = API.swift; sourceTree = "<group>"; };
		B143C63228EF508700DAADE9 /* APIError.swift */ = {isa = PBXFileReference; lastKnownFileType = sourcecode.swift; path = APIError.swift; sourceTree = "<group>"; };
		B189777128F1CA76003AF484 /* Constants.swift */ = {isa = PBXFileReference; lastKnownFileType = sourcecode.swift; path = Constants.swift; sourceTree = "<group>"; };
		B1B30D5F28F21E6A00461304 /* UILabel+.swift */ = {isa = PBXFileReference; lastKnownFileType = sourcecode.swift; path = "UILabel+.swift"; sourceTree = "<group>"; };
		B1C55ACD28F033F400DB9F5A /* SearchViewProtocol.swift */ = {isa = PBXFileReference; lastKnownFileType = sourcecode.swift; path = SearchViewProtocol.swift; sourceTree = "<group>"; };
		B1C55AD028F0356800DB9F5A /* AlertBuilder.swift */ = {isa = PBXFileReference; lastKnownFileType = sourcecode.swift; path = AlertBuilder.swift; sourceTree = "<group>"; };
		B1C55AD228F036E300DB9F5A /* SearchPresenter.swift */ = {isa = PBXFileReference; lastKnownFileType = sourcecode.swift; path = SearchPresenter.swift; sourceTree = "<group>"; };
		B1C55AD428F0388000DB9F5A /* Router.swift */ = {isa = PBXFileReference; lastKnownFileType = sourcecode.swift; path = Router.swift; sourceTree = "<group>"; };
		B1C55AD628F038E600DB9F5A /* Builder.swift */ = {isa = PBXFileReference; lastKnownFileType = sourcecode.swift; path = Builder.swift; sourceTree = "<group>"; };
		B1C55AD928F03A1500DB9F5A /* SimpleUnsplashDB.xcdatamodel */ = {isa = PBXFileReference; lastKnownFileType = wrapper.xcdatamodel; path = SimpleUnsplashDB.xcdatamodel; sourceTree = "<group>"; };
		B1C55ADC28F03A8500DB9F5A /* DataStorageManager.swift */ = {isa = PBXFileReference; lastKnownFileType = sourcecode.swift; path = DataStorageManager.swift; sourceTree = "<group>"; };
		B1DCDAE228F042A3003D02F2 /* Formatter+.swift */ = {isa = PBXFileReference; lastKnownFileType = sourcecode.swift; path = "Formatter+.swift"; sourceTree = "<group>"; };
		B1DCDAE428F04BAC003D02F2 /* FavouritePhoto+CoreDataClass.swift */ = {isa = PBXFileReference; lastKnownFileType = sourcecode.swift; path = "FavouritePhoto+CoreDataClass.swift"; sourceTree = "<group>"; };
		B1DCDAE528F04BAC003D02F2 /* FavouritePhoto+CoreDataProperties.swift */ = {isa = PBXFileReference; lastKnownFileType = sourcecode.swift; path = "FavouritePhoto+CoreDataProperties.swift"; sourceTree = "<group>"; };
		FDC99035E92AB741CC0C7B8B /* Pods_SimpleUnsplashProject.framework */ = {isa = PBXFileReference; explicitFileType = wrapper.framework; includeInIndex = 0; path = Pods_SimpleUnsplashProject.framework; sourceTree = BUILT_PRODUCTS_DIR; };
		FE2A54594770955648D3448C /* Pods-SimpleUnsplashProject.debug.xcconfig */ = {isa = PBXFileReference; includeInIndex = 1; lastKnownFileType = text.xcconfig; name = "Pods-SimpleUnsplashProject.debug.xcconfig"; path = "Target Support Files/Pods-SimpleUnsplashProject/Pods-SimpleUnsplashProject.debug.xcconfig"; sourceTree = "<group>"; };
/* End PBXFileReference section */

/* Begin PBXFrameworksBuildPhase section */
		B137001C28EECAC3007F4C5C /* Frameworks */ = {
			isa = PBXFrameworksBuildPhase;
			buildActionMask = 2147483647;
			files = (
				A4FCE56C036F06BFCA97F6EA /* Pods_SimpleUnsplashProject.framework in Frameworks */,
			);
			runOnlyForDeploymentPostprocessing = 0;
		};
/* End PBXFrameworksBuildPhase section */

/* Begin PBXGroup section */
		91DC4A115DE1808C359012D7 /* Pods */ = {
			isa = PBXGroup;
			children = (
				FE2A54594770955648D3448C /* Pods-SimpleUnsplashProject.debug.xcconfig */,
				6C86AD137B1C13189203E243 /* Pods-SimpleUnsplashProject.release.xcconfig */,
			);
			path = Pods;
			sourceTree = "<group>";
		};
		B137001628EECAC3007F4C5C = {
			isa = PBXGroup;
			children = (
				B137002128EECAC3007F4C5C /* SimpleUnsplashProject */,
				B137002028EECAC3007F4C5C /* Products */,
				91DC4A115DE1808C359012D7 /* Pods */,
				DA9ADB31217AB74112952F1A /* Frameworks */,
			);
			sourceTree = "<group>";
		};
		B137002028EECAC3007F4C5C /* Products */ = {
			isa = PBXGroup;
			children = (
				B137001F28EECAC3007F4C5C /* SimpleUnsplashProject.app */,
			);
			name = Products;
			sourceTree = "<group>";
		};
		B137002128EECAC3007F4C5C /* SimpleUnsplashProject */ = {
			isa = PBXGroup;
			children = (
				B137002228EECAC3007F4C5C /* AppDelegate.swift */,
				B137002428EECAC3007F4C5C /* SceneDelegate.swift */,
				B1C55ADE28F0425100DB9F5A /* Extension */,
				B1C55ACF28F034B600DB9F5A /* Helpers */,
				B143C61D28EEEB4100DAADE9 /* Cell */,
				B143C62928EF4ABB00DAADE9 /* Network */,
				B1C55ADB28F03A6000DB9F5A /* Storage */,
				B143C62628EF352800DAADE9 /* Model */,
				B137004428EEDD96007F4C5C /* SearchScreen */,
				B137003C28EED945007F4C5C /* Favourite Screen */,
				B137003D28EED96C007F4C5C /* Detail Screen */,
				B137002B28EECAC4007F4C5C /* Assets.xcassets */,
				B137002D28EECAC4007F4C5C /* LaunchScreen.storyboard */,
				B137003028EECAC4007F4C5C /* Info.plist */,
				B1C55AD828F03A1500DB9F5A /* SimpleUnsplashDB.xcdatamodeld */,
			);
			path = SimpleUnsplashProject;
			sourceTree = "<group>";
		};
		B137003C28EED945007F4C5C /* Favourite Screen */ = {
			isa = PBXGroup;
			children = (
				B137003E28EED9AC007F4C5C /* FavouritePicturesViewController.swift */,
			);
			path = "Favourite Screen";
			sourceTree = "<group>";
		};
		B137003D28EED96C007F4C5C /* Detail Screen */ = {
			isa = PBXGroup;
			children = (
				B189776E28F1C645003AF484 /* View */,
				B1B30D5E28F21A9C00461304 /* Presenter */,
			);
			path = "Detail Screen";
			sourceTree = "<group>";
		};
		B137004428EEDD96007F4C5C /* SearchScreen */ = {
			isa = PBXGroup;
			children = (
				B143C62228EF29BB00DAADE9 /* View */,
				B143C62328EF29CD00DAADE9 /* Presenter */,
			);
			path = SearchScreen;
			sourceTree = "<group>";
		};
		B143C61D28EEEB4100DAADE9 /* Cell */ = {
			isa = PBXGroup;
			children = (
				B143C61B28EEEB3D00DAADE9 /* SearchCollectionViewCell.swift */,
				B143C61E28EEF18B00DAADE9 /* ReusableViewProtocol.swift */,
			);
			path = Cell;
			sourceTree = "<group>";
		};
		B143C62228EF29BB00DAADE9 /* View */ = {
			isa = PBXGroup;
			children = (
				B137004228EEDCF1007F4C5C /* SearchViewController.swift */,
				B143C62028EF20F100DAADE9 /* SearchView.swift */,
				B1C55ACD28F033F400DB9F5A /* SearchViewProtocol.swift */,
			);
			path = View;
			sourceTree = "<group>";
		};
		B143C62328EF29CD00DAADE9 /* Presenter */ = {
			isa = PBXGroup;
			children = (
				B1C55AD228F036E300DB9F5A /* SearchPresenter.swift */,
			);
			path = Presenter;
			sourceTree = "<group>";
		};
		B143C62628EF352800DAADE9 /* Model */ = {
			isa = PBXGroup;
			children = (
				B1DCDAE428F04BAC003D02F2 /* FavouritePhoto+CoreDataClass.swift */,
				B1DCDAE528F04BAC003D02F2 /* FavouritePhoto+CoreDataProperties.swift */,
				B143C62728EF353E00DAADE9 /* PhotoModel.swift */,
			);
			path = Model;
			sourceTree = "<group>";
		};
		B143C62928EF4ABB00DAADE9 /* Network */ = {
			isa = PBXGroup;
			children = (
				B143C62A28EF4AE000DAADE9 /* NetworkRequest.swift */,
				B143C62C28EF4B2300DAADE9 /* NetworkDataFetch.swift */,
				B143C62E28EF4D2B00DAADE9 /* Secrets.swift */,
				B143C63028EF4D8A00DAADE9 /* API.swift */,
				B143C63228EF508700DAADE9 /* APIError.swift */,
			);
			path = Network;
			sourceTree = "<group>";
		};
		B189776E28F1C645003AF484 /* View */ = {
			isa = PBXGroup;
			children = (
				B137004028EED9F5007F4C5C /* DetailsViewController.swift */,
			);
			path = View;
			sourceTree = "<group>";
		};
		B1B30D5E28F21A9C00461304 /* Presenter */ = {
			isa = PBXGroup;
			children = (
			);
			path = Presenter;
			sourceTree = "<group>";
		};
		B1C55ACF28F034B600DB9F5A /* Helpers */ = {
			isa = PBXGroup;
			children = (
				B1C55AD428F0388000DB9F5A /* Router.swift */,
				B1C55AD628F038E600DB9F5A /* Builder.swift */,
				B1C55AD028F0356800DB9F5A /* AlertBuilder.swift */,
				B189777128F1CA76003AF484 /* Constants.swift */,
			);
			path = Helpers;
			sourceTree = "<group>";
		};
		B1C55ADB28F03A6000DB9F5A /* Storage */ = {
			isa = PBXGroup;
			children = (
				B1C55ADC28F03A8500DB9F5A /* DataStorageManager.swift */,
			);
			path = Storage;
			sourceTree = "<group>";
		};
		B1C55ADE28F0425100DB9F5A /* Extension */ = {
			isa = PBXGroup;
			children = (
				B1DCDAE228F042A3003D02F2 /* Formatter+.swift */,
				B1B30D5F28F21E6A00461304 /* UILabel+.swift */,
			);
			path = Extension;
			sourceTree = "<group>";
		};
		DA9ADB31217AB74112952F1A /* Frameworks */ = {
			isa = PBXGroup;
			children = (
				FDC99035E92AB741CC0C7B8B /* Pods_SimpleUnsplashProject.framework */,
			);
			name = Frameworks;
			sourceTree = "<group>";
		};
/* End PBXGroup section */

/* Begin PBXNativeTarget section */
		B137001E28EECAC3007F4C5C /* SimpleUnsplashProject */ = {
			isa = PBXNativeTarget;
			buildConfigurationList = B137003328EECAC4007F4C5C /* Build configuration list for PBXNativeTarget "SimpleUnsplashProject" */;
			buildPhases = (
				29339036AEEBFB72578A1845 /* [CP] Check Pods Manifest.lock */,
				B137001B28EECAC3007F4C5C /* Sources */,
				B137001C28EECAC3007F4C5C /* Frameworks */,
				B137001D28EECAC3007F4C5C /* Resources */,
				3552BEB67FD2FC6D142A87FC /* [CP] Embed Pods Frameworks */,
			);
			buildRules = (
			);
			dependencies = (
			);
			name = SimpleUnsplashProject;
			productName = SimpleUnsplashProject;
			productReference = B137001F28EECAC3007F4C5C /* SimpleUnsplashProject.app */;
			productType = "com.apple.product-type.application";
		};
/* End PBXNativeTarget section */

/* Begin PBXProject section */
		B137001728EECAC3007F4C5C /* Project object */ = {
			isa = PBXProject;
			attributes = {
				BuildIndependentTargetsInParallel = 1;
				LastSwiftUpdateCheck = 1340;
				LastUpgradeCheck = 1340;
				TargetAttributes = {
					B137001E28EECAC3007F4C5C = {
						CreatedOnToolsVersion = 13.4.1;
					};
				};
			};
			buildConfigurationList = B137001A28EECAC3007F4C5C /* Build configuration list for PBXProject "SimpleUnsplashProject" */;
			compatibilityVersion = "Xcode 13.0";
			developmentRegion = en;
			hasScannedForEncodings = 0;
			knownRegions = (
				en,
				Base,
			);
			mainGroup = B137001628EECAC3007F4C5C;
			productRefGroup = B137002028EECAC3007F4C5C /* Products */;
			projectDirPath = "";
			projectRoot = "";
			targets = (
				B137001E28EECAC3007F4C5C /* SimpleUnsplashProject */,
			);
		};
/* End PBXProject section */

/* Begin PBXResourcesBuildPhase section */
		B137001D28EECAC3007F4C5C /* Resources */ = {
			isa = PBXResourcesBuildPhase;
			buildActionMask = 2147483647;
			files = (
				B137002F28EECAC4007F4C5C /* LaunchScreen.storyboard in Resources */,
				B137002C28EECAC4007F4C5C /* Assets.xcassets in Resources */,
			);
			runOnlyForDeploymentPostprocessing = 0;
		};
/* End PBXResourcesBuildPhase section */

/* Begin PBXShellScriptBuildPhase section */
		29339036AEEBFB72578A1845 /* [CP] Check Pods Manifest.lock */ = {
			isa = PBXShellScriptBuildPhase;
			buildActionMask = 2147483647;
			files = (
			);
			inputFileListPaths = (
			);
			inputPaths = (
				"${PODS_PODFILE_DIR_PATH}/Podfile.lock",
				"${PODS_ROOT}/Manifest.lock",
			);
			name = "[CP] Check Pods Manifest.lock";
			outputFileListPaths = (
			);
			outputPaths = (
				"$(DERIVED_FILE_DIR)/Pods-SimpleUnsplashProject-checkManifestLockResult.txt",
			);
			runOnlyForDeploymentPostprocessing = 0;
			shellPath = /bin/sh;
			shellScript = "diff \"${PODS_PODFILE_DIR_PATH}/Podfile.lock\" \"${PODS_ROOT}/Manifest.lock\" > /dev/null\nif [ $? != 0 ] ; then\n    # print error to STDERR\n    echo \"error: The sandbox is not in sync with the Podfile.lock. Run 'pod install' or update your CocoaPods installation.\" >&2\n    exit 1\nfi\n# This output is used by Xcode 'outputs' to avoid re-running this script phase.\necho \"SUCCESS\" > \"${SCRIPT_OUTPUT_FILE_0}\"\n";
			showEnvVarsInLog = 0;
		};
		3552BEB67FD2FC6D142A87FC /* [CP] Embed Pods Frameworks */ = {
			isa = PBXShellScriptBuildPhase;
			buildActionMask = 2147483647;
			files = (
			);
			inputFileListPaths = (
				"${PODS_ROOT}/Target Support Files/Pods-SimpleUnsplashProject/Pods-SimpleUnsplashProject-frameworks-${CONFIGURATION}-input-files.xcfilelist",
			);
			name = "[CP] Embed Pods Frameworks";
			outputFileListPaths = (
				"${PODS_ROOT}/Target Support Files/Pods-SimpleUnsplashProject/Pods-SimpleUnsplashProject-frameworks-${CONFIGURATION}-output-files.xcfilelist",
			);
			runOnlyForDeploymentPostprocessing = 0;
			shellPath = /bin/sh;
			shellScript = "\"${PODS_ROOT}/Target Support Files/Pods-SimpleUnsplashProject/Pods-SimpleUnsplashProject-frameworks.sh\"\n";
			showEnvVarsInLog = 0;
		};
/* End PBXShellScriptBuildPhase section */

/* Begin PBXSourcesBuildPhase section */
		B137001B28EECAC3007F4C5C /* Sources */ = {
			isa = PBXSourcesBuildPhase;
			buildActionMask = 2147483647;
			files = (
				B1DCDAE728F04BAC003D02F2 /* FavouritePhoto+CoreDataProperties.swift in Sources */,
				B1DCDAE628F04BAC003D02F2 /* FavouritePhoto+CoreDataClass.swift in Sources */,
				B137004328EEDCF1007F4C5C /* SearchViewController.swift in Sources */,
				B143C62128EF20F100DAADE9 /* SearchView.swift in Sources */,
				B1C55AD328F036E300DB9F5A /* SearchPresenter.swift in Sources */,
				B137002328EECAC3007F4C5C /* AppDelegate.swift in Sources */,
				B137002528EECAC3007F4C5C /* SceneDelegate.swift in Sources */,
				B189777228F1CA76003AF484 /* Constants.swift in Sources */,
				B1C55AD528F0388000DB9F5A /* Router.swift in Sources */,
				B137003F28EED9AC007F4C5C /* FavouritePicturesViewController.swift in Sources */,
				B1C55ACE28F033F400DB9F5A /* SearchViewProtocol.swift in Sources */,
				B143C63128EF4D8A00DAADE9 /* API.swift in Sources */,
				B143C61F28EEF18B00DAADE9 /* ReusableViewProtocol.swift in Sources */,
				B143C63328EF508700DAADE9 /* APIError.swift in Sources */,
				B143C62D28EF4B2300DAADE9 /* NetworkDataFetch.swift in Sources */,
				B1C55ADD28F03A8500DB9F5A /* DataStorageManager.swift in Sources */,
				B1B30D6028F21E6A00461304 /* UILabel+.swift in Sources */,
				B143C61C28EEEB3E00DAADE9 /* SearchCollectionViewCell.swift in Sources */,
				B1C55AD128F0356800DB9F5A /* AlertBuilder.swift in Sources */,
				B1DCDAE328F042A3003D02F2 /* Formatter+.swift in Sources */,
				B143C62B28EF4AE000DAADE9 /* NetworkRequest.swift in Sources */,
				B143C62828EF353E00DAADE9 /* PhotoModel.swift in Sources */,
				B143C62F28EF4D2B00DAADE9 /* Secrets.swift in Sources */,
				B1C55ADA28F03A1500DB9F5A /* SimpleUnsplashDB.xcdatamodeld in Sources */,
				B137004128EED9F5007F4C5C /* DetailsViewController.swift in Sources */,
				B1C55AD728F038E600DB9F5A /* Builder.swift in Sources */,
			);
			runOnlyForDeploymentPostprocessing = 0;
		};
/* End PBXSourcesBuildPhase section */

/* Begin PBXVariantGroup section */
		B137002D28EECAC4007F4C5C /* LaunchScreen.storyboard */ = {
			isa = PBXVariantGroup;
			children = (
				B137002E28EECAC4007F4C5C /* Base */,
			);
			name = LaunchScreen.storyboard;
			sourceTree = "<group>";
		};
/* End PBXVariantGroup section */

/* Begin XCBuildConfiguration section */
		B137003128EECAC4007F4C5C /* Debug */ = {
			isa = XCBuildConfiguration;
			buildSettings = {
				ALWAYS_SEARCH_USER_PATHS = NO;
				CLANG_ANALYZER_NONNULL = YES;
				CLANG_ANALYZER_NUMBER_OBJECT_CONVERSION = YES_AGGRESSIVE;
				CLANG_CXX_LANGUAGE_STANDARD = "gnu++17";
				CLANG_ENABLE_MODULES = YES;
				CLANG_ENABLE_OBJC_ARC = YES;
				CLANG_ENABLE_OBJC_WEAK = YES;
				CLANG_WARN_BLOCK_CAPTURE_AUTORELEASING = YES;
				CLANG_WARN_BOOL_CONVERSION = YES;
				CLANG_WARN_COMMA = YES;
				CLANG_WARN_CONSTANT_CONVERSION = YES;
				CLANG_WARN_DEPRECATED_OBJC_IMPLEMENTATIONS = YES;
				CLANG_WARN_DIRECT_OBJC_ISA_USAGE = YES_ERROR;
				CLANG_WARN_DOCUMENTATION_COMMENTS = YES;
				CLANG_WARN_EMPTY_BODY = YES;
				CLANG_WARN_ENUM_CONVERSION = YES;
				CLANG_WARN_INFINITE_RECURSION = YES;
				CLANG_WARN_INT_CONVERSION = YES;
				CLANG_WARN_NON_LITERAL_NULL_CONVERSION = YES;
				CLANG_WARN_OBJC_IMPLICIT_RETAIN_SELF = YES;
				CLANG_WARN_OBJC_LITERAL_CONVERSION = YES;
				CLANG_WARN_OBJC_ROOT_CLASS = YES_ERROR;
				CLANG_WARN_QUOTED_INCLUDE_IN_FRAMEWORK_HEADER = YES;
				CLANG_WARN_RANGE_LOOP_ANALYSIS = YES;
				CLANG_WARN_STRICT_PROTOTYPES = YES;
				CLANG_WARN_SUSPICIOUS_MOVE = YES;
				CLANG_WARN_UNGUARDED_AVAILABILITY = YES_AGGRESSIVE;
				CLANG_WARN_UNREACHABLE_CODE = YES;
				CLANG_WARN__DUPLICATE_METHOD_MATCH = YES;
				COPY_PHASE_STRIP = NO;
				DEBUG_INFORMATION_FORMAT = dwarf;
				ENABLE_STRICT_OBJC_MSGSEND = YES;
				ENABLE_TESTABILITY = YES;
				GCC_C_LANGUAGE_STANDARD = gnu11;
				GCC_DYNAMIC_NO_PIC = NO;
				GCC_NO_COMMON_BLOCKS = YES;
				GCC_OPTIMIZATION_LEVEL = 0;
				GCC_PREPROCESSOR_DEFINITIONS = (
					"DEBUG=1",
					"$(inherited)",
				);
				GCC_WARN_64_TO_32_BIT_CONVERSION = YES;
				GCC_WARN_ABOUT_RETURN_TYPE = YES_ERROR;
				GCC_WARN_UNDECLARED_SELECTOR = YES;
				GCC_WARN_UNINITIALIZED_AUTOS = YES_AGGRESSIVE;
				GCC_WARN_UNUSED_FUNCTION = YES;
				GCC_WARN_UNUSED_VARIABLE = YES;
				IPHONEOS_DEPLOYMENT_TARGET = 15.5;
				MTL_ENABLE_DEBUG_INFO = INCLUDE_SOURCE;
				MTL_FAST_MATH = YES;
				ONLY_ACTIVE_ARCH = YES;
				SDKROOT = iphoneos;
				SWIFT_ACTIVE_COMPILATION_CONDITIONS = DEBUG;
				SWIFT_OPTIMIZATION_LEVEL = "-Onone";
			};
			name = Debug;
		};
		B137003228EECAC4007F4C5C /* Release */ = {
			isa = XCBuildConfiguration;
			buildSettings = {
				ALWAYS_SEARCH_USER_PATHS = NO;
				CLANG_ANALYZER_NONNULL = YES;
				CLANG_ANALYZER_NUMBER_OBJECT_CONVERSION = YES_AGGRESSIVE;
				CLANG_CXX_LANGUAGE_STANDARD = "gnu++17";
				CLANG_ENABLE_MODULES = YES;
				CLANG_ENABLE_OBJC_ARC = YES;
				CLANG_ENABLE_OBJC_WEAK = YES;
				CLANG_WARN_BLOCK_CAPTURE_AUTORELEASING = YES;
				CLANG_WARN_BOOL_CONVERSION = YES;
				CLANG_WARN_COMMA = YES;
				CLANG_WARN_CONSTANT_CONVERSION = YES;
				CLANG_WARN_DEPRECATED_OBJC_IMPLEMENTATIONS = YES;
				CLANG_WARN_DIRECT_OBJC_ISA_USAGE = YES_ERROR;
				CLANG_WARN_DOCUMENTATION_COMMENTS = YES;
				CLANG_WARN_EMPTY_BODY = YES;
				CLANG_WARN_ENUM_CONVERSION = YES;
				CLANG_WARN_INFINITE_RECURSION = YES;
				CLANG_WARN_INT_CONVERSION = YES;
				CLANG_WARN_NON_LITERAL_NULL_CONVERSION = YES;
				CLANG_WARN_OBJC_IMPLICIT_RETAIN_SELF = YES;
				CLANG_WARN_OBJC_LITERAL_CONVERSION = YES;
				CLANG_WARN_OBJC_ROOT_CLASS = YES_ERROR;
				CLANG_WARN_QUOTED_INCLUDE_IN_FRAMEWORK_HEADER = YES;
				CLANG_WARN_RANGE_LOOP_ANALYSIS = YES;
				CLANG_WARN_STRICT_PROTOTYPES = YES;
				CLANG_WARN_SUSPICIOUS_MOVE = YES;
				CLANG_WARN_UNGUARDED_AVAILABILITY = YES_AGGRESSIVE;
				CLANG_WARN_UNREACHABLE_CODE = YES;
				CLANG_WARN__DUPLICATE_METHOD_MATCH = YES;
				COPY_PHASE_STRIP = NO;
				DEBUG_INFORMATION_FORMAT = "dwarf-with-dsym";
				ENABLE_NS_ASSERTIONS = NO;
				ENABLE_STRICT_OBJC_MSGSEND = YES;
				GCC_C_LANGUAGE_STANDARD = gnu11;
				GCC_NO_COMMON_BLOCKS = YES;
				GCC_WARN_64_TO_32_BIT_CONVERSION = YES;
				GCC_WARN_ABOUT_RETURN_TYPE = YES_ERROR;
				GCC_WARN_UNDECLARED_SELECTOR = YES;
				GCC_WARN_UNINITIALIZED_AUTOS = YES_AGGRESSIVE;
				GCC_WARN_UNUSED_FUNCTION = YES;
				GCC_WARN_UNUSED_VARIABLE = YES;
				IPHONEOS_DEPLOYMENT_TARGET = 15.5;
				MTL_ENABLE_DEBUG_INFO = NO;
				MTL_FAST_MATH = YES;
				SDKROOT = iphoneos;
				SWIFT_COMPILATION_MODE = wholemodule;
				SWIFT_OPTIMIZATION_LEVEL = "-O";
				VALIDATE_PRODUCT = YES;
			};
			name = Release;
		};
		B137003428EECAC4007F4C5C /* Debug */ = {
			isa = XCBuildConfiguration;
			baseConfigurationReference = FE2A54594770955648D3448C /* Pods-SimpleUnsplashProject.debug.xcconfig */;
			buildSettings = {
				ASSETCATALOG_COMPILER_APPICON_NAME = AppIcon;
				ASSETCATALOG_COMPILER_GLOBAL_ACCENT_COLOR_NAME = AccentColor;
				CODE_SIGN_STYLE = Automatic;
				CURRENT_PROJECT_VERSION = 1;
				DEVELOPMENT_TEAM = 44ZD229G4B;
				GENERATE_INFOPLIST_FILE = YES;
				INFOPLIST_FILE = SimpleUnsplashProject/Info.plist;
				INFOPLIST_KEY_UIApplicationSupportsIndirectInputEvents = YES;
				INFOPLIST_KEY_UILaunchStoryboardName = LaunchScreen;
				INFOPLIST_KEY_UISupportedInterfaceOrientations = UIInterfaceOrientationPortrait;
				INFOPLIST_KEY_UISupportedInterfaceOrientations_iPad = "UIInterfaceOrientationLandscapeLeft UIInterfaceOrientationLandscapeRight UIInterfaceOrientationPortrait UIInterfaceOrientationPortraitUpsideDown";
				LD_RUNPATH_SEARCH_PATHS = (
					"$(inherited)",
					"@executable_path/Frameworks",
				);
				MARKETING_VERSION = 1.0;
				PRODUCT_BUNDLE_IDENTIFIER = ABzhnsk.SimpleUnsplashProject;
				PRODUCT_NAME = "$(TARGET_NAME)";
				SWIFT_EMIT_LOC_STRINGS = YES;
				SWIFT_VERSION = 5.0;
				TARGETED_DEVICE_FAMILY = "1,2";
			};
			name = Debug;
		};
		B137003528EECAC4007F4C5C /* Release */ = {
			isa = XCBuildConfiguration;
			baseConfigurationReference = 6C86AD137B1C13189203E243 /* Pods-SimpleUnsplashProject.release.xcconfig */;
			buildSettings = {
				ASSETCATALOG_COMPILER_APPICON_NAME = AppIcon;
				ASSETCATALOG_COMPILER_GLOBAL_ACCENT_COLOR_NAME = AccentColor;
				CODE_SIGN_STYLE = Automatic;
				CURRENT_PROJECT_VERSION = 1;
				DEVELOPMENT_TEAM = 44ZD229G4B;
				GENERATE_INFOPLIST_FILE = YES;
				INFOPLIST_FILE = SimpleUnsplashProject/Info.plist;
				INFOPLIST_KEY_UIApplicationSupportsIndirectInputEvents = YES;
				INFOPLIST_KEY_UILaunchStoryboardName = LaunchScreen;
				INFOPLIST_KEY_UISupportedInterfaceOrientations = UIInterfaceOrientationPortrait;
				INFOPLIST_KEY_UISupportedInterfaceOrientations_iPad = "UIInterfaceOrientationLandscapeLeft UIInterfaceOrientationLandscapeRight UIInterfaceOrientationPortrait UIInterfaceOrientationPortraitUpsideDown";
				LD_RUNPATH_SEARCH_PATHS = (
					"$(inherited)",
					"@executable_path/Frameworks",
				);
				MARKETING_VERSION = 1.0;
				PRODUCT_BUNDLE_IDENTIFIER = ABzhnsk.SimpleUnsplashProject;
				PRODUCT_NAME = "$(TARGET_NAME)";
				SWIFT_EMIT_LOC_STRINGS = YES;
				SWIFT_VERSION = 5.0;
				TARGETED_DEVICE_FAMILY = "1,2";
			};
			name = Release;
		};
/* End XCBuildConfiguration section */

/* Begin XCConfigurationList section */
		B137001A28EECAC3007F4C5C /* Build configuration list for PBXProject "SimpleUnsplashProject" */ = {
			isa = XCConfigurationList;
			buildConfigurations = (
				B137003128EECAC4007F4C5C /* Debug */,
				B137003228EECAC4007F4C5C /* Release */,
			);
			defaultConfigurationIsVisible = 0;
			defaultConfigurationName = Release;
		};
		B137003328EECAC4007F4C5C /* Build configuration list for PBXNativeTarget "SimpleUnsplashProject" */ = {
			isa = XCConfigurationList;
			buildConfigurations = (
				B137003428EECAC4007F4C5C /* Debug */,
				B137003528EECAC4007F4C5C /* Release */,
			);
			defaultConfigurationIsVisible = 0;
			defaultConfigurationName = Release;
		};
/* End XCConfigurationList section */

/* Begin XCVersionGroup section */
		B1C55AD828F03A1500DB9F5A /* SimpleUnsplashDB.xcdatamodeld */ = {
			isa = XCVersionGroup;
			children = (
				B1C55AD928F03A1500DB9F5A /* SimpleUnsplashDB.xcdatamodel */,
			);
			currentVersion = B1C55AD928F03A1500DB9F5A /* SimpleUnsplashDB.xcdatamodel */;
			path = SimpleUnsplashDB.xcdatamodeld;
			sourceTree = "<group>";
			versionGroupType = wrapper.xcdatamodel;
		};
/* End XCVersionGroup section */
	};
	rootObject = B137001728EECAC3007F4C5C /* Project object */;
}
